
Microsoft Visual Studio Solution File, Format Version 12.00
# Visual Studio Version 17
VisualStudioVersion = 17.9.34701.34
MinimumVisualStudioVersion = 10.0.40219.1
Project("{FAE04EC0-301F-11D3-BF4B-00C04F79EFBC}") = "8.1C", "8.1C\8.1C.csproj", "{77D9F329-342B-4780-916B-6048E5FAB6AD}"
EndProject
Global
	GlobalSection(SolutionConfigurationPlatforms) = preSolution
		Debug|Any CPU = Debug|Any CPU
		Release|Any CPU = Release|Any CPU
	EndGlobalSection
	GlobalSection(ProjectConfigurationPlatforms) = postSolution
		{77D9F329-342B-4780-916B-6048E5FAB6AD}.Debug|Any CPU.ActiveCfg = Debug|Any CPU
		{77D9F329-342B-4780-916B-6048E5FAB6AD}.Debug|Any CPU.Build.0 = Debug|Any CPU
		{77D9F329-342B-4780-916B-6048E5FAB6AD}.Release|Any CPU.ActiveCfg = Release|Any CPU
		{77D9F329-342B-4780-916B-6048E5FAB6AD}.Release|Any CPU.Build.0 = Release|Any CPU
	EndGlobalSection
	GlobalSection(SolutionProperties) = preSolution
		HideSolutionNode = FALSE
	EndGlobalSection
	GlobalSection(ExtensibilityGlobals) = postSolution
		SolutionGuid = {ECD33329-DF51-46B8-9E9B-38E14621DF0D}
	EndGlobalSection
EndGlobal
