
Microsoft Visual Studio Solution File, Format Version 12.00
# Visual Studio Version 17
VisualStudioVersion = 17.9.34701.34
MinimumVisualStudioVersion = 10.0.40219.1
Project("{FAE04EC0-301F-11D3-BF4B-00C04F79EFBC}") = "5.1P", "5.1P\5.1P.csproj", "{928AD98A-56B5-4D2E-8C69-68D9F781B7DC}"
EndProject
Global
	GlobalSection(SolutionConfigurationPlatforms) = preSolution
		Debug|Any CPU = Debug|Any CPU
		Release|Any CPU = Release|Any CPU
	EndGlobalSection
	GlobalSection(ProjectConfigurationPlatforms) = postSolution
		{928AD98A-56B5-4D2E-8C69-68D9F781B7DC}.Debug|Any CPU.ActiveCfg = Debug|Any CPU
		{928AD98A-56B5-4D2E-8C69-68D9F781B7DC}.Debug|Any CPU.Build.0 = Debug|Any CPU
		{928AD98A-56B5-4D2E-8C69-68D9F781B7DC}.Release|Any CPU.ActiveCfg = Release|Any CPU
		{928AD98A-56B5-4D2E-8C69-68D9F781B7DC}.Release|Any CPU.Build.0 = Release|Any CPU
	EndGlobalSection
	GlobalSection(SolutionProperties) = preSolution
		HideSolutionNode = FALSE
	EndGlobalSection
	GlobalSection(ExtensibilityGlobals) = postSolution
		SolutionGuid = {A8C70B38-E62B-4055-9D38-6DA029D2CF30}
	EndGlobalSection
EndGlobal
