
Microsoft Visual Studio Solution File, Format Version 12.00
# Visual Studio Version 17
VisualStudioVersion = 17.9.34701.34
MinimumVisualStudioVersion = 10.0.40219.1
Project("{FAE04EC0-301F-11D3-BF4B-00C04F79EFBC}") = "3.1.P sort", "3.1.P sort\3.1.P sort.csproj", "{EF5844AD-3216-4A59-B638-D5C259ABBBAC}"
EndProject
Global
	GlobalSection(SolutionConfigurationPlatforms) = preSolution
		Debug|Any CPU = Debug|Any CPU
		Release|Any CPU = Release|Any CPU
	EndGlobalSection
	GlobalSection(ProjectConfigurationPlatforms) = postSolution
		{EF5844AD-3216-4A59-B638-D5C259ABBBAC}.Debug|Any CPU.ActiveCfg = Debug|Any CPU
		{EF5844AD-3216-4A59-B638-D5C259ABBBAC}.Debug|Any CPU.Build.0 = Debug|Any CPU
		{EF5844AD-3216-4A59-B638-D5C259ABBBAC}.Release|Any CPU.ActiveCfg = Release|Any CPU
		{EF5844AD-3216-4A59-B638-D5C259ABBBAC}.Release|Any CPU.Build.0 = Release|Any CPU
	EndGlobalSection
	GlobalSection(SolutionProperties) = preSolution
		HideSolutionNode = FALSE
	EndGlobalSection
	GlobalSection(ExtensibilityGlobals) = postSolution
		SolutionGuid = {D27FBC76-5C72-4E08-864F-EE692AB2FE83}
	EndGlobalSection
EndGlobal
